// !$*UTF8*$!
{
	archiveVersion = 1;
	classes = {
	};
	objectVersion = 77;
	objects = {

/* Begin PBXBuildFile section */
		A4168F732D89B09600C5BE4E /* Assets.xcassets in Resources */ = {isa = PBXBuildFile; fileRef = A4168F6B2D89B09600C5BE4E /* Assets.xcassets */; };
		A4168F812D8FB67700C5BE4E /* Preview Assets.xcassets in Resources */ = {isa = PBXBuildFile; fileRef = A4168F7F2D8FB67700C5BE4E /* Preview Assets.xcassets */; };
		A4168F9F2D9A32D100C5BE4E /* .gitignore in Resources */ = {isa = PBXBuildFile; fileRef = A4168F9E2D9A32C600C5BE4E /* .gitignore */; };
		A4168FA12D9A333F00C5BE4E /* Config.xcconfig in Resources */ = {isa = PBXBuildFile; fileRef = A4168FA02D9A333F00C5BE4E /* Config.xcconfig */; };
		A43B8BB92D3C902400F70BB6 /* SpotifyiOS in Frameworks */ = {isa = PBXBuildFile; productRef = A43B8BB82D3C902400F70BB6 /* SpotifyiOS */; };
/* End PBXBuildFile section */

/* Begin PBXContainerItemProxy section */
		A43B8B972D3C7DD700F70BB6 /* PBXContainerItemProxy */ = {
			isa = PBXContainerItemProxy;
			containerPortal = A43B8B7C2D3C7DD500F70BB6 /* Project object */;
			proxyType = 1;
			remoteGlobalIDString = A43B8B832D3C7DD500F70BB6;
			remoteInfo = mono;
		};
		A43B8BA12D3C7DD700F70BB6 /* PBXContainerItemProxy */ = {
			isa = PBXContainerItemProxy;
			containerPortal = A43B8B7C2D3C7DD500F70BB6 /* Project object */;
			proxyType = 1;
			remoteGlobalIDString = A43B8B832D3C7DD500F70BB6;
			remoteInfo = mono;
		};
/* End PBXContainerItemProxy section */

/* Begin PBXFileReference section */
		A4168F6B2D89B09600C5BE4E /* Assets.xcassets */ = {isa = PBXFileReference; lastKnownFileType = folder.assetcatalog; path = Assets.xcassets; sourceTree = "<group>"; };
		A4168F7F2D8FB67700C5BE4E /* Preview Assets.xcassets */ = {isa = PBXFileReference; lastKnownFileType = folder.assetcatalog; path = "Preview Assets.xcassets"; sourceTree = "<group>"; };
		A4168F8B2D924D8500C5BE4E /* Info.plist */ = {isa = PBXFileReference; lastKnownFileType = text.plist.xml; path = Info.plist; sourceTree = "<group>"; };
		A4168F9E2D9A32C600C5BE4E /* .gitignore */ = {isa = PBXFileReference; lastKnownFileType = text; path = .gitignore; sourceTree = "<group>"; };
		A4168FA02D9A333F00C5BE4E /* Config.xcconfig */ = {isa = PBXFileReference; lastKnownFileType = text.xcconfig; path = Config.xcconfig; sourceTree = "<group>"; };
		A43B8B842D3C7DD500F70BB6 /* mono.app */ = {isa = PBXFileReference; explicitFileType = wrapper.application; includeInIndex = 0; path = mono.app; sourceTree = BUILT_PRODUCTS_DIR; };
		A43B8B962D3C7DD700F70BB6 /* monoTests.xctest */ = {isa = PBXFileReference; explicitFileType = wrapper.cfbundle; includeInIndex = 0; path = monoTests.xctest; sourceTree = BUILT_PRODUCTS_DIR; };
		A43B8BA02D3C7DD700F70BB6 /* monoUITests.xctest */ = {isa = PBXFileReference; explicitFileType = wrapper.cfbundle; includeInIndex = 0; path = monoUITests.xctest; sourceTree = BUILT_PRODUCTS_DIR; };
/* End PBXFileReference section */

/* Begin PBXFileSystemSynchronizedBuildFileExceptionSet section */
		A4168F7D2D8FB62500C5BE4E /* Exceptions for "tests" folder in "monoTests" target */ = {
			isa = PBXFileSystemSynchronizedBuildFileExceptionSet;
			membershipExceptions = (
				monoUITests.swift,
				monoUITestsLaunchTests.swift,
			);
			target = A43B8B952D3C7DD700F70BB6 /* monoTests */;
		};
		A4168F7E2D8FB62500C5BE4E /* Exceptions for "tests" folder in "monoUITests" target */ = {
			isa = PBXFileSystemSynchronizedBuildFileExceptionSet;
			membershipExceptions = (
				monoUITests.swift,
				monoUITestsLaunchTests.swift,
			);
			target = A43B8B9F2D3C7DD700F70BB6 /* monoUITests */;
		};
/* End PBXFileSystemSynchronizedBuildFileExceptionSet section */

/* Begin PBXFileSystemSynchronizedRootGroup section */
		A43B8B862D3C7DD500F70BB6 /* src */ = {
			isa = PBXFileSystemSynchronizedRootGroup;
			path = src;
			sourceTree = "<group>";
		};
		A43B8B992D3C7DD700F70BB6 /* tests */ = {
			isa = PBXFileSystemSynchronizedRootGroup;
			exceptions = (
				A4168F7D2D8FB62500C5BE4E /* Exceptions for "tests" folder in "monoTests" target */,
				A4168F7E2D8FB62500C5BE4E /* Exceptions for "tests" folder in "monoUITests" target */,
			);
			path = tests;
			sourceTree = "<group>";
		};
/* End PBXFileSystemSynchronizedRootGroup section */

/* Begin PBXFrameworksBuildPhase section */
		A43B8B812D3C7DD500F70BB6 /* Frameworks */ = {
			isa = PBXFrameworksBuildPhase;
			buildActionMask = 2147483647;
			files = (
				A43B8BB92D3C902400F70BB6 /* SpotifyiOS in Frameworks */,
			);
			runOnlyForDeploymentPostprocessing = 0;
		};
		A43B8B932D3C7DD700F70BB6 /* Frameworks */ = {
			isa = PBXFrameworksBuildPhase;
			buildActionMask = 2147483647;
			files = (
			);
			runOnlyForDeploymentPostprocessing = 0;
		};
		A43B8B9D2D3C7DD700F70BB6 /* Frameworks */ = {
			isa = PBXFrameworksBuildPhase;
			buildActionMask = 2147483647;
			files = (
			);
			runOnlyForDeploymentPostprocessing = 0;
		};
/* End PBXFrameworksBuildPhase section */

/* Begin PBXGroup section */
		A4168F822D8FB68B00C5BE4E /* assets */ = {
			isa = PBXGroup;
			children = (
				A4168F7F2D8FB67700C5BE4E /* Preview Assets.xcassets */,
				A4168F6B2D89B09600C5BE4E /* Assets.xcassets */,
			);
			path = assets;
			sourceTree = "<group>";
		};
		A43B8B7B2D3C7DD500F70BB6 = {
			isa = PBXGroup;
			children = (
				A4168F9E2D9A32C600C5BE4E /* .gitignore */,
				A4168F8B2D924D8500C5BE4E /* Info.plist */,
				A4168FA02D9A333F00C5BE4E /* Config.xcconfig */,
				A4168F822D8FB68B00C5BE4E /* assets */,
				A43B8B852D3C7DD500F70BB6 /* Products */,
				A43B8B862D3C7DD500F70BB6 /* src */,
				A43B8B992D3C7DD700F70BB6 /* tests */,
			);
			sourceTree = "<group>";
		};
		A43B8B852D3C7DD500F70BB6 /* Products */ = {
			isa = PBXGroup;
			children = (
				A43B8B842D3C7DD500F70BB6 /* mono.app */,
				A43B8B962D3C7DD700F70BB6 /* monoTests.xctest */,
				A43B8BA02D3C7DD700F70BB6 /* monoUITests.xctest */,
			);
			name = Products;
			sourceTree = "<group>";
		};
/* End PBXGroup section */

/* Begin PBXNativeTarget section */
		A43B8B832D3C7DD500F70BB6 /* mono */ = {
			isa = PBXNativeTarget;
			buildConfigurationList = A43B8BAA2D3C7DD700F70BB6 /* Build configuration list for PBXNativeTarget "mono" */;
			buildPhases = (
				A43B8B802D3C7DD500F70BB6 /* Sources */,
				A43B8B812D3C7DD500F70BB6 /* Frameworks */,
				A43B8B822D3C7DD500F70BB6 /* Resources */,
			);
			buildRules = (
			);
			dependencies = (
			);
			fileSystemSynchronizedGroups = (
				A43B8B862D3C7DD500F70BB6 /* src */,
			);
			name = mono;
			packageProductDependencies = (
				A43B8BB82D3C902400F70BB6 /* SpotifyiOS */,
			);
			productName = mono;
			productReference = A43B8B842D3C7DD500F70BB6 /* mono.app */;
			productType = "com.apple.product-type.application";
		};
		A43B8B952D3C7DD700F70BB6 /* monoTests */ = {
			isa = PBXNativeTarget;
			buildConfigurationList = A43B8BAD2D3C7DD700F70BB6 /* Build configuration list for PBXNativeTarget "monoTests" */;
			buildPhases = (
				A43B8B922D3C7DD700F70BB6 /* Sources */,
				A43B8B932D3C7DD700F70BB6 /* Frameworks */,
				A43B8B942D3C7DD700F70BB6 /* Resources */,
			);
			buildRules = (
			);
			dependencies = (
				A43B8B982D3C7DD700F70BB6 /* PBXTargetDependency */,
			);
			fileSystemSynchronizedGroups = (
				A43B8B992D3C7DD700F70BB6 /* tests */,
			);
			name = monoTests;
			packageProductDependencies = (
			);
			productName = monoTests;
			productReference = A43B8B962D3C7DD700F70BB6 /* monoTests.xctest */;
			productType = "com.apple.product-type.bundle.unit-test";
		};
		A43B8B9F2D3C7DD700F70BB6 /* monoUITests */ = {
			isa = PBXNativeTarget;
			buildConfigurationList = A43B8BB02D3C7DD700F70BB6 /* Build configuration list for PBXNativeTarget "monoUITests" */;
			buildPhases = (
				A43B8B9C2D3C7DD700F70BB6 /* Sources */,
				A43B8B9D2D3C7DD700F70BB6 /* Frameworks */,
				A43B8B9E2D3C7DD700F70BB6 /* Resources */,
			);
			buildRules = (
			);
			dependencies = (
				A43B8BA22D3C7DD700F70BB6 /* PBXTargetDependency */,
			);
			name = monoUITests;
			packageProductDependencies = (
			);
			productName = monoUITests;
			productReference = A43B8BA02D3C7DD700F70BB6 /* monoUITests.xctest */;
			productType = "com.apple.product-type.bundle.ui-testing";
		};
/* End PBXNativeTarget section */

/* Begin PBXProject section */
		A43B8B7C2D3C7DD500F70BB6 /* Project object */ = {
			isa = PBXProject;
			attributes = {
				BuildIndependentTargetsInParallel = 1;
				LastSwiftUpdateCheck = 1620;
				LastUpgradeCheck = 1620;
				TargetAttributes = {
					A43B8B832D3C7DD500F70BB6 = {
						CreatedOnToolsVersion = 16.2;
					};
					A43B8B952D3C7DD700F70BB6 = {
						CreatedOnToolsVersion = 16.2;
						TestTargetID = A43B8B832D3C7DD500F70BB6;
					};
					A43B8B9F2D3C7DD700F70BB6 = {
						CreatedOnToolsVersion = 16.2;
						TestTargetID = A43B8B832D3C7DD500F70BB6;
					};
				};
			};
			buildConfigurationList = A43B8B7F2D3C7DD500F70BB6 /* Build configuration list for PBXProject "mono" */;
			developmentRegion = en;
			hasScannedForEncodings = 0;
			knownRegions = (
				en,
				Base,
			);
			mainGroup = A43B8B7B2D3C7DD500F70BB6;
			minimizedProjectReferenceProxies = 1;
			packageReferences = (
				A43B8BB72D3C902400F70BB6 /* XCRemoteSwiftPackageReference "ios-sdk" */,
			);
			preferredProjectObjectVersion = 77;
			productRefGroup = A43B8B852D3C7DD500F70BB6 /* Products */;
			projectDirPath = "";
			projectRoot = "";
			targets = (
				A43B8B832D3C7DD500F70BB6 /* mono */,
				A43B8B952D3C7DD700F70BB6 /* monoTests */,
				A43B8B9F2D3C7DD700F70BB6 /* monoUITests */,
			);
		};
/* End PBXProject section */

/* Begin PBXResourcesBuildPhase section */
		A43B8B822D3C7DD500F70BB6 /* Resources */ = {
			isa = PBXResourcesBuildPhase;
			buildActionMask = 2147483647;
			files = (
				A4168FA12D9A333F00C5BE4E /* Config.xcconfig in Resources */,
				A4168F812D8FB67700C5BE4E /* Preview Assets.xcassets in Resources */,
				A4168F9F2D9A32D100C5BE4E /* .gitignore in Resources */,
				A4168F732D89B09600C5BE4E /* Assets.xcassets in Resources */,
			);
			runOnlyForDeploymentPostprocessing = 0;
		};
		A43B8B942D3C7DD700F70BB6 /* Resources */ = {
			isa = PBXResourcesBuildPhase;
			buildActionMask = 2147483647;
			files = (
			);
			runOnlyForDeploymentPostprocessing = 0;
		};
		A43B8B9E2D3C7DD700F70BB6 /* Resources */ = {
			isa = PBXResourcesBuildPhase;
			buildActionMask = 2147483647;
			files = (
			);
			runOnlyForDeploymentPostprocessing = 0;
		};
/* End PBXResourcesBuildPhase section */

/* Begin PBXSourcesBuildPhase section */
		A43B8B802D3C7DD500F70BB6 /* Sources */ = {
			isa = PBXSourcesBuildPhase;
			buildActionMask = 2147483647;
			files = (
			);
			runOnlyForDeploymentPostprocessing = 0;
		};
		A43B8B922D3C7DD700F70BB6 /* Sources */ = {
			isa = PBXSourcesBuildPhase;
			buildActionMask = 2147483647;
			files = (
			);
			runOnlyForDeploymentPostprocessing = 0;
		};
		A43B8B9C2D3C7DD700F70BB6 /* Sources */ = {
			isa = PBXSourcesBuildPhase;
			buildActionMask = 2147483647;
			files = (
			);
			runOnlyForDeploymentPostprocessing = 0;
		};
/* End PBXSourcesBuildPhase section */

/* Begin PBXTargetDependency section */
		A43B8B982D3C7DD700F70BB6 /* PBXTargetDependency */ = {
			isa = PBXTargetDependency;
			target = A43B8B832D3C7DD500F70BB6 /* mono */;
			targetProxy = A43B8B972D3C7DD700F70BB6 /* PBXContainerItemProxy */;
		};
		A43B8BA22D3C7DD700F70BB6 /* PBXTargetDependency */ = {
			isa = PBXTargetDependency;
			target = A43B8B832D3C7DD500F70BB6 /* mono */;
			targetProxy = A43B8BA12D3C7DD700F70BB6 /* PBXContainerItemProxy */;
		};
/* End PBXTargetDependency section */

/* Begin XCBuildConfiguration section */
		A43B8BA82D3C7DD700F70BB6 /* Debug */ = {
			isa = XCBuildConfiguration;
			buildSettings = {
				ALWAYS_SEARCH_USER_PATHS = NO;
				ASSETCATALOG_COMPILER_GENERATE_SWIFT_ASSET_SYMBOL_EXTENSIONS = YES;
				CLANG_ANALYZER_NONNULL = YES;
				CLANG_ANALYZER_NUMBER_OBJECT_CONVERSION = YES_AGGRESSIVE;
				CLANG_CXX_LANGUAGE_STANDARD = "gnu++20";
				CLANG_ENABLE_MODULES = YES;
				CLANG_ENABLE_OBJC_ARC = YES;
				CLANG_ENABLE_OBJC_WEAK = YES;
				CLANG_WARN_BLOCK_CAPTURE_AUTORELEASING = YES;
				CLANG_WARN_BOOL_CONVERSION = YES;
				CLANG_WARN_COMMA = YES;
				CLANG_WARN_CONSTANT_CONVERSION = YES;
				CLANG_WARN_DEPRECATED_OBJC_IMPLEMENTATIONS = YES;
				CLANG_WARN_DIRECT_OBJC_ISA_USAGE = YES_ERROR;
				CLANG_WARN_DOCUMENTATION_COMMENTS = YES;
				CLANG_WARN_EMPTY_BODY = YES;
				CLANG_WARN_ENUM_CONVERSION = YES;
				CLANG_WARN_INFINITE_RECURSION = YES;
				CLANG_WARN_INT_CONVERSION = YES;
				CLANG_WARN_NON_LITERAL_NULL_CONVERSION = YES;
				CLANG_WARN_OBJC_IMPLICIT_RETAIN_SELF = YES;
				CLANG_WARN_OBJC_LITERAL_CONVERSION = YES;
				CLANG_WARN_OBJC_ROOT_CLASS = YES_ERROR;
				CLANG_WARN_QUOTED_INCLUDE_IN_FRAMEWORK_HEADER = YES;
				CLANG_WARN_RANGE_LOOP_ANALYSIS = YES;
				CLANG_WARN_STRICT_PROTOTYPES = YES;
				CLANG_WARN_SUSPICIOUS_MOVE = YES;
				CLANG_WARN_UNGUARDED_AVAILABILITY = YES_AGGRESSIVE;
				CLANG_WARN_UNREACHABLE_CODE = YES;
				CLANG_WARN__DUPLICATE_METHOD_MATCH = YES;
				COPY_PHASE_STRIP = NO;
				DEBUG_INFORMATION_FORMAT = dwarf;
				ENABLE_STRICT_OBJC_MSGSEND = YES;
				ENABLE_TESTABILITY = YES;
				ENABLE_USER_SCRIPT_SANDBOXING = YES;
				GCC_C_LANGUAGE_STANDARD = gnu17;
				GCC_DYNAMIC_NO_PIC = NO;
				GCC_NO_COMMON_BLOCKS = YES;
				GCC_OPTIMIZATION_LEVEL = 0;
				GCC_PREPROCESSOR_DEFINITIONS = (
					"DEBUG=1",
					"$(inherited)",
				);
				GCC_WARN_64_TO_32_BIT_CONVERSION = YES;
				GCC_WARN_ABOUT_RETURN_TYPE = YES_ERROR;
				GCC_WARN_UNDECLARED_SELECTOR = YES;
				GCC_WARN_UNINITIALIZED_AUTOS = YES_AGGRESSIVE;
				GCC_WARN_UNUSED_FUNCTION = YES;
				GCC_WARN_UNUSED_VARIABLE = YES;
				IPHONEOS_DEPLOYMENT_TARGET = 18.2;
				LOCALIZATION_PREFERS_STRING_CATALOGS = YES;
				MTL_ENABLE_DEBUG_INFO = INCLUDE_SOURCE;
				MTL_FAST_MATH = YES;
				ONLY_ACTIVE_ARCH = YES;
				SDKROOT = iphoneos;
				SWIFT_ACTIVE_COMPILATION_CONDITIONS = "DEBUG $(inherited)";
				SWIFT_OPTIMIZATION_LEVEL = "-Onone";
			};
			name = Debug;
		};
		A43B8BA92D3C7DD700F70BB6 /* Release */ = {
			isa = XCBuildConfiguration;
			buildSettings = {
				ALWAYS_SEARCH_USER_PATHS = NO;
				ASSETCATALOG_COMPILER_GENERATE_SWIFT_ASSET_SYMBOL_EXTENSIONS = YES;
				CLANG_ANALYZER_NONNULL = YES;
				CLANG_ANALYZER_NUMBER_OBJECT_CONVERSION = YES_AGGRESSIVE;
				CLANG_CXX_LANGUAGE_STANDARD = "gnu++20";
				CLANG_ENABLE_MODULES = YES;
				CLANG_ENABLE_OBJC_ARC = YES;
				CLANG_ENABLE_OBJC_WEAK = YES;
				CLANG_WARN_BLOCK_CAPTURE_AUTORELEASING = YES;
				CLANG_WARN_BOOL_CONVERSION = YES;
				CLANG_WARN_COMMA = YES;
				CLANG_WARN_CONSTANT_CONVERSION = YES;
				CLANG_WARN_DEPRECATED_OBJC_IMPLEMENTATIONS = YES;
				CLANG_WARN_DIRECT_OBJC_ISA_USAGE = YES_ERROR;
				CLANG_WARN_DOCUMENTATION_COMMENTS = YES;
				CLANG_WARN_EMPTY_BODY = YES;
				CLANG_WARN_ENUM_CONVERSION = YES;
				CLANG_WARN_INFINITE_RECURSION = YES;
				CLANG_WARN_INT_CONVERSION = YES;
				CLANG_WARN_NON_LITERAL_NULL_CONVERSION = YES;
				CLANG_WARN_OBJC_IMPLICIT_RETAIN_SELF = YES;
				CLANG_WARN_OBJC_LITERAL_CONVERSION = YES;
				CLANG_WARN_OBJC_ROOT_CLASS = YES_ERROR;
				CLANG_WARN_QUOTED_INCLUDE_IN_FRAMEWORK_HEADER = YES;
				CLANG_WARN_RANGE_LOOP_ANALYSIS = YES;
				CLANG_WARN_STRICT_PROTOTYPES = YES;
				CLANG_WARN_SUSPICIOUS_MOVE = YES;
				CLANG_WARN_UNGUARDED_AVAILABILITY = YES_AGGRESSIVE;
				CLANG_WARN_UNREACHABLE_CODE = YES;
				CLANG_WARN__DUPLICATE_METHOD_MATCH = YES;
				COPY_PHASE_STRIP = NO;
				DEBUG_INFORMATION_FORMAT = "dwarf-with-dsym";
				ENABLE_NS_ASSERTIONS = NO;
				ENABLE_STRICT_OBJC_MSGSEND = YES;
				ENABLE_USER_SCRIPT_SANDBOXING = YES;
				GCC_C_LANGUAGE_STANDARD = gnu17;
				GCC_NO_COMMON_BLOCKS = YES;
				GCC_WARN_64_TO_32_BIT_CONVERSION = YES;
				GCC_WARN_ABOUT_RETURN_TYPE = YES_ERROR;
				GCC_WARN_UNDECLARED_SELECTOR = YES;
				GCC_WARN_UNINITIALIZED_AUTOS = YES_AGGRESSIVE;
				GCC_WARN_UNUSED_FUNCTION = YES;
				GCC_WARN_UNUSED_VARIABLE = YES;
				IPHONEOS_DEPLOYMENT_TARGET = 18.2;
				LOCALIZATION_PREFERS_STRING_CATALOGS = YES;
				MTL_ENABLE_DEBUG_INFO = NO;
				MTL_FAST_MATH = YES;
				SDKROOT = iphoneos;
				SWIFT_COMPILATION_MODE = wholemodule;
				VALIDATE_PRODUCT = YES;
			};
			name = Release;
		};
		A43B8BAB2D3C7DD700F70BB6 /* Debug */ = {
			isa = XCBuildConfiguration;
			buildSettings = {
				ASSETCATALOG_COMPILER_APPICON_NAME = AppIcon;
				ASSETCATALOG_COMPILER_GLOBAL_ACCENT_COLOR_NAME = AccentColor;
				CODE_SIGN_STYLE = Automatic;
				CURRENT_PROJECT_VERSION = 1;
				DEVELOPMENT_ASSET_PATHS = "\"assets/Preview Assets.xcassets\"";
				ENABLE_PREVIEWS = YES;
				FRAMEWORK_SEARCH_PATHS = (
					"$(inherited)",
					"$(PROJECT_DIR)/UITests",
				);
				GENERATE_INFOPLIST_FILE = YES;
				INFOPLIST_FILE = Info.plist;
				INFOPLIST_KEY_UIApplicationSceneManifest_Generation = YES;
				INFOPLIST_KEY_UIApplicationSupportsIndirectInputEvents = YES;
				INFOPLIST_KEY_UILaunchScreen_Generation = YES;
				INFOPLIST_KEY_UISupportedInterfaceOrientations_iPad = "UIInterfaceOrientationPortrait UIInterfaceOrientationPortraitUpsideDown UIInterfaceOrientationLandscapeLeft UIInterfaceOrientationLandscapeRight";
				INFOPLIST_KEY_UISupportedInterfaceOrientations_iPhone = "UIInterfaceOrientationPortrait UIInterfaceOrientationLandscapeLeft UIInterfaceOrientationLandscapeRight";
				LD_RUNPATH_SEARCH_PATHS = (
					"$(inherited)",
					"@executable_path/Frameworks",
				);
				MARKETING_VERSION = 1.0;
				PRODUCT_BUNDLE_IDENTIFIER = dev.z011y.mono;
				PRODUCT_NAME = "$(TARGET_NAME)";
				SWIFT_EMIT_LOC_STRINGS = YES;
				SWIFT_VERSION = 5.0;
				TARGETED_DEVICE_FAMILY = "1,2";
			};
			name = Debug;
		};
		A43B8BAC2D3C7DD700F70BB6 /* Release */ = {
			isa = XCBuildConfiguration;
			buildSettings = {
				ASSETCATALOG_COMPILER_APPICON_NAME = AppIcon;
				ASSETCATALOG_COMPILER_GLOBAL_ACCENT_COLOR_NAME = AccentColor;
				CODE_SIGN_STYLE = Automatic;
				CURRENT_PROJECT_VERSION = 1;
				DEVELOPMENT_ASSET_PATHS = "\"assets/Preview Assets.xcassets\"";
				ENABLE_PREVIEWS = YES;
				FRAMEWORK_SEARCH_PATHS = (
					"$(inherited)",
					"$(PROJECT_DIR)/UITests",
				);
				GENERATE_INFOPLIST_FILE = YES;
				INFOPLIST_FILE = Info.plist;
				INFOPLIST_KEY_UIApplicationSceneManifest_Generation = YES;
				INFOPLIST_KEY_UIApplicationSupportsIndirectInputEvents = YES;
				INFOPLIST_KEY_UILaunchScreen_Generation = YES;
				INFOPLIST_KEY_UISupportedInterfaceOrientations_iPad = "UIInterfaceOrientationPortrait UIInterfaceOrientationPortraitUpsideDown UIInterfaceOrientationLandscapeLeft UIInterfaceOrientationLandscapeRight";
				INFOPLIST_KEY_UISupportedInterfaceOrientations_iPhone = "UIInterfaceOrientationPortrait UIInterfaceOrientationLandscapeLeft UIInterfaceOrientationLandscapeRight";
				LD_RUNPATH_SEARCH_PATHS = (
					"$(inherited)",
					"@executable_path/Frameworks",
				);
				MARKETING_VERSION = 1.0;
				PRODUCT_BUNDLE_IDENTIFIER = dev.z011y.mono;
				PRODUCT_NAME = "$(TARGET_NAME)";
				SWIFT_EMIT_LOC_STRINGS = YES;
				SWIFT_VERSION = 5.0;
				TARGETED_DEVICE_FAMILY = "1,2";
			};
			name = Release;
		};
		A43B8BAE2D3C7DD700F70BB6 /* Debug */ = {
			isa = XCBuildConfiguration;
			buildSettings = {
				BUNDLE_LOADER = "$(TEST_HOST)";
				CODE_SIGN_STYLE = Automatic;
				CURRENT_PROJECT_VERSION = 1;
				GENERATE_INFOPLIST_FILE = YES;
				IPHONEOS_DEPLOYMENT_TARGET = 18.2;
				MARKETING_VERSION = 1.0;
				PRODUCT_BUNDLE_IDENTIFIER = dev.z011y.monoTests;
				PRODUCT_NAME = "$(TARGET_NAME)";
				SWIFT_EMIT_LOC_STRINGS = NO;
				SWIFT_VERSION = 5.0;
				TARGETED_DEVICE_FAMILY = "1,2";
				TEST_HOST = "$(BUILT_PRODUCTS_DIR)/mono.app/$(BUNDLE_EXECUTABLE_FOLDER_PATH)/mono";
			};
			name = Debug;
		};
		A43B8BAF2D3C7DD700F70BB6 /* Release */ = {
			isa = XCBuildConfiguration;
			buildSettings = {
				BUNDLE_LOADER = "$(TEST_HOST)";
				CODE_SIGN_STYLE = Automatic;
				CURRENT_PROJECT_VERSION = 1;
				GENERATE_INFOPLIST_FILE = YES;
				IPHONEOS_DEPLOYMENT_TARGET = 18.2;
				MARKETING_VERSION = 1.0;
				PRODUCT_BUNDLE_IDENTIFIER = dev.z011y.monoTests;
				PRODUCT_NAME = "$(TARGET_NAME)";
				SWIFT_EMIT_LOC_STRINGS = NO;
				SWIFT_VERSION = 5.0;
				TARGETED_DEVICE_FAMILY = "1,2";
				TEST_HOST = "$(BUILT_PRODUCTS_DIR)/mono.app/$(BUNDLE_EXECUTABLE_FOLDER_PATH)/mono";
			};
			name = Release;
		};
		A43B8BB12D3C7DD700F70BB6 /* Debug */ = {
			isa = XCBuildConfiguration;
			buildSettings = {
				CODE_SIGN_STYLE = Automatic;
				CURRENT_PROJECT_VERSION = 1;
				GENERATE_INFOPLIST_FILE = YES;
				MARKETING_VERSION = 1.0;
				PRODUCT_BUNDLE_IDENTIFIER = dev.z011y.monoUITests;
				PRODUCT_NAME = "$(TARGET_NAME)";
				SWIFT_EMIT_LOC_STRINGS = NO;
				SWIFT_VERSION = 5.0;
				TARGETED_DEVICE_FAMILY = "1,2";
				TEST_TARGET_NAME = mono;
			};
			name = Debug;
		};
		A43B8BB22D3C7DD700F70BB6 /* Release */ = {
			isa = XCBuildConfiguration;
			buildSettings = {
				CODE_SIGN_STYLE = Automatic;
				CURRENT_PROJECT_VERSION = 1;
				GENERATE_INFOPLIST_FILE = YES;
				MARKETING_VERSION = 1.0;
				PRODUCT_BUNDLE_IDENTIFIER = dev.z011y.monoUITests;
				PRODUCT_NAME = "$(TARGET_NAME)";
				SWIFT_EMIT_LOC_STRINGS = NO;
				SWIFT_VERSION = 5.0;
				TARGETED_DEVICE_FAMILY = "1,2";
				TEST_TARGET_NAME = mono;
			};
			name = Release;
		};
/* End XCBuildConfiguration section */

/* Begin XCConfigurationList section */
		A43B8B7F2D3C7DD500F70BB6 /* Build configuration list for PBXProject "mono" */ = {
			isa = XCConfigurationList;
			buildConfigurations = (
				A43B8BA82D3C7DD700F70BB6 /* Debug */,
				A43B8BA92D3C7DD700F70BB6 /* Release */,
			);
			defaultConfigurationIsVisible = 0;
			defaultConfigurationName = Release;
		};
		A43B8BAA2D3C7DD700F70BB6 /* Build configuration list for PBXNativeTarget "mono" */ = {
			isa = XCConfigurationList;
			buildConfigurations = (
				A43B8BAB2D3C7DD700F70BB6 /* Debug */,
				A43B8BAC2D3C7DD700F70BB6 /* Release */,
			);
			defaultConfigurationIsVisible = 0;
			defaultConfigurationName = Release;
		};
		A43B8BAD2D3C7DD700F70BB6 /* Build configuration list for PBXNativeTarget "monoTests" */ = {
			isa = XCConfigurationList;
			buildConfigurations = (
				A43B8BAE2D3C7DD700F70BB6 /* Debug */,
				A43B8BAF2D3C7DD700F70BB6 /* Release */,
			);
			defaultConfigurationIsVisible = 0;
			defaultConfigurationName = Release;
		};
		A43B8BB02D3C7DD700F70BB6 /* Build configuration list for PBXNativeTarget "monoUITests" */ = {
			isa = XCConfigurationList;
			buildConfigurations = (
				A43B8BB12D3C7DD700F70BB6 /* Debug */,
				A43B8BB22D3C7DD700F70BB6 /* Release */,
			);
			defaultConfigurationIsVisible = 0;
			defaultConfigurationName = Release;
		};
/* End XCConfigurationList section */

/* Begin XCRemoteSwiftPackageReference section */
		A43B8BB72D3C902400F70BB6 /* XCRemoteSwiftPackageReference "ios-sdk" */ = {
			isa = XCRemoteSwiftPackageReference;
			repositoryURL = "https://github.com/spotify/ios-sdk";
			requirement = {
				branch = master;
				kind = branch;
			};
		};
/* End XCRemoteSwiftPackageReference section */

/* Begin XCSwiftPackageProductDependency section */
		A43B8BB82D3C902400F70BB6 /* SpotifyiOS */ = {
			isa = XCSwiftPackageProductDependency;
			package = A43B8BB72D3C902400F70BB6 /* XCRemoteSwiftPackageReference "ios-sdk" */;
			productName = SpotifyiOS;
		};
/* End XCSwiftPackageProductDependency section */
	};
	rootObject = A43B8B7C2D3C7DD500F70BB6 /* Project object */;
}
